{"format_version":"1.1","terraform_version":"1.2.3","planned_values":{"root_module":{"child_modules":[{"resources":[{"address":"module.s3_bucket.aws_s3_bucket.this","mode":"managed","type":"aws_s3_bucket","name":"this","provider_name":"registry.terraform.io/hashicorp/aws","schema_version":0,"values":{"bucket":"website_bucket_tjth","bucket_prefix":null,"force_destroy":false,"logging":[{"target_bucket":"","target_prefix":"log/website_bucket_tjth"}],"server_side_encryption_configuration":[{"rule":[{"apply_server_side_encryption_by_default":[{"kms_master_key_id":null,"sse_algorithm":"aws:kms"}],"bucket_key_enabled":null}]}],"tags":null,"versioning":[{"enabled":true,"mfa_delete":false}]},"sensitive_values":{"cors_rule":[],"grant":[],"lifecycle_rule":[],"logging":[{}],"object_lock_configuration":[],"replication_configuration":[],"server_side_encryption_configuration":[{"rule":[{"apply_server_side_encryption_by_default":[{}]}]}],"tags_all":{},"versioning":[{}],"website":[]}},{"address":"module.s3_bucket.aws_s3_bucket_acl.this","mode":"managed","type":"aws_s3_bucket_acl","name":"this","provider_name":"registry.terraform.io/hashicorp/aws","schema_version":0,"values":{"acl":"private","expected_bucket_owner":null},"sensitive_values":{"access_control_policy":[]}},{"address":"module.s3_bucket.aws_s3_bucket_policy.this","mode":"managed","type":"aws_s3_bucket_policy","name":"this","provider_name":"registry.terraform.io/hashicorp/aws","schema_version":0,"values":{"policy":"{\"Statement\":[{\"Actions\":\"*\",\"Effect\":\"Allow\",\"Principal\":\"*\",\"Resource\":\"*\"}],\"Version\":\"2012-10-17\"}"},"sensitive_values":{}},{"address":"module.s3_bucket.aws_s3_bucket_public_access_block.this","mode":"managed","type":"aws_s3_bucket_public_access_block","name":"this","provider_name":"registry.terraform.io/hashicorp/aws","schema_version":0,"values":{"block_public_acls":true,"block_public_policy":true,"ignore_public_acls":true,"restrict_public_buckets":true},"sensitive_values":{}},{"address":"module.s3_bucket.aws_s3_bucket_versioning.this","mode":"managed","type":"aws_s3_bucket_versioning","name":"this","provider_name":"registry.terraform.io/hashicorp/aws","schema_version":0,"values":{"expected_bucket_owner":null,"mfa":null,"versioning_configuration":[{"status":"Enabled"}]},"sensitive_values":{"versioning_configuration":[{}]}}],"address":"module.s3_bucket"}]}},"resource_changes":[{"address":"module.s3_bucket.aws_s3_bucket.this","module_address":"module.s3_bucket","mode":"managed","type":"aws_s3_bucket","name":"this","provider_name":"registry.terraform.io/hashicorp/aws","change":{"actions":["create"],"before":null,"after":{"bucket":"website_bucket_tjth","bucket_prefix":null,"force_destroy":false,"logging":[{"target_bucket":"","target_prefix":"log/website_bucket_tjth"}],"server_side_encryption_configuration":[{"rule":[{"apply_server_side_encryption_by_default":[{"kms_master_key_id":null,"sse_algorithm":"aws:kms"}],"bucket_key_enabled":null}]}],"tags":null,"versioning":[{"enabled":true,"mfa_delete":false}]},"after_unknown":{"acceleration_status":true,"acl":true,"arn":true,"bucket_domain_name":true,"bucket_regional_domain_name":true,"cors_rule":true,"grant":true,"hosted_zone_id":true,"id":true,"lifecycle_rule":true,"logging":[{}],"object_lock_configuration":true,"object_lock_enabled":true,"policy":true,"region":true,"replication_configuration":true,"request_payer":true,"server_side_encryption_configuration":[{"rule":[{"apply_server_side_encryption_by_default":[{}]}]}],"tags_all":true,"versioning":[{}],"website":true,"website_domain":true,"website_endpoint":true},"before_sensitive":false,"after_sensitive":{"cors_rule":[],"grant":[],"lifecycle_rule":[],"logging":[{}],"object_lock_configuration":[],"replication_configuration":[],"server_side_encryption_configuration":[{"rule":[{"apply_server_side_encryption_by_default":[{}]}]}],"tags_all":{},"versioning":[{}],"website":[]}}},{"address":"module.s3_bucket.aws_s3_bucket_acl.this","module_address":"module.s3_bucket","mode":"managed","type":"aws_s3_bucket_acl","name":"this","provider_name":"registry.terraform.io/hashicorp/aws","change":{"actions":["create"],"before":null,"after":{"acl":"private","expected_bucket_owner":null},"after_unknown":{"access_control_policy":true,"bucket":true,"id":true},"before_sensitive":false,"after_sensitive":{"access_control_policy":[]}}},{"address":"module.s3_bucket.aws_s3_bucket_policy.this","module_address":"module.s3_bucket","mode":"managed","type":"aws_s3_bucket_policy","name":"this","provider_name":"registry.terraform.io/hashicorp/aws","change":{"actions":["create"],"before":null,"after":{"policy":"{\"Statement\":[{\"Actions\":\"*\",\"Effect\":\"Allow\",\"Principal\":\"*\",\"Resource\":\"*\"}],\"Version\":\"2012-10-17\"}"},"after_unknown":{"bucket":true,"id":true},"before_sensitive":false,"after_sensitive":{}}},{"address":"module.s3_bucket.aws_s3_bucket_public_access_block.this","module_address":"module.s3_bucket","mode":"managed","type":"aws_s3_bucket_public_access_block","name":"this","provider_name":"registry.terraform.io/hashicorp/aws","change":{"actions":["create"],"before":null,"after":{"block_public_acls":true,"block_public_policy":true,"ignore_public_acls":true,"restrict_public_buckets":true},"after_unknown":{"bucket":true,"id":true},"before_sensitive":false,"after_sensitive":{}}},{"address":"module.s3_bucket.aws_s3_bucket_versioning.this","module_address":"module.s3_bucket","mode":"managed","type":"aws_s3_bucket_versioning","name":"this","provider_name":"registry.terraform.io/hashicorp/aws","change":{"actions":["create"],"before":null,"after":{"expected_bucket_owner":null,"mfa":null,"versioning_configuration":[{"status":"Enabled"}]},"after_unknown":{"bucket":true,"id":true,"versioning_configuration":[{"mfa_delete":true}]},"before_sensitive":false,"after_sensitive":{"versioning_configuration":[{}]}}}],"configuration":{"provider_config":{"aws":{"name":"aws","full_name":"registry.terraform.io/hashicorp/aws"}},"root_module":{"module_calls":{"s3_bucket":{"source":"git@github.com:teamjtharrison/terraform-aws-s3-bucket.git?ref=1.0.1","expressions":{"bucket_name":{"constant_value":"website_bucket_tjth"}},"module":{"resources":[{"address":"aws_s3_bucket.this","mode":"managed","type":"aws_s3_bucket","name":"this","provider_config_key":"aws","expressions":{"bucket":{"references":["var.bucket_name"]},"server_side_encryption_configuration":[{"rule":[{"apply_server_side_encryption_by_default":[{"sse_algorithm":{"constant_value":"aws:kms"}}]}]}],"versioning":[{"enabled":{"references":["var.enable_versioning"]}}]},"schema_version":0},{"address":"aws_s3_bucket_acl.this","mode":"managed","type":"aws_s3_bucket_acl","name":"this","provider_config_key":"aws","expressions":{"acl":{"references":["var.bucket_public_acl"]},"bucket":{"references":["aws_s3_bucket.this.id","aws_s3_bucket.this"]}},"schema_version":0},{"address":"aws_s3_bucket_policy.this","mode":"managed","type":"aws_s3_bucket_policy","name":"this","provider_config_key":"aws","expressions":{"bucket":{"references":["aws_s3_bucket.this.id","aws_s3_bucket.this"]},"policy":{}},"schema_version":0},{"address":"aws_s3_bucket_public_access_block.this","mode":"managed","type":"aws_s3_bucket_public_access_block","name":"this","provider_config_key":"aws","expressions":{"block_public_acls":{"references":["var.block_public_acls"]},"block_public_policy":{"references":["var.block_public_policy"]},"bucket":{"references":["aws_s3_bucket.this.id","aws_s3_bucket.this"]},"ignore_public_acls":{"references":["var.ignore_public_acls"]},"restrict_public_buckets":{"references":["var.restrict_public_buckets"]}},"schema_version":0},{"address":"aws_s3_bucket_versioning.this","mode":"managed","type":"aws_s3_bucket_versioning","name":"this","provider_config_key":"aws","expressions":{"bucket":{"references":["aws_s3_bucket.this.id","aws_s3_bucket.this"]},"versioning_configuration":[{"status":{"references":["var.enable_versioning"]}}]},"schema_version":0}],"variables":{"access_logging":{"default":true,"description":"Whether or not to enable access logging on the bucket"},"access_logging_bucket":{"default":"","description":"Destination for access logging"},"block_public_acls":{"default":true,"description":"Enable public acl block"},"block_public_policy":{"default":true,"description":"Enable block_public_policy"},"bucket_name":{"description":"The name to be assigned to bucket and resources"},"bucket_public_acl":{"default":"private","description":"Whether or not bucket should have a publicly accessible ACL"},"enable_versioning":{"default":true,"description":"Whether or not to enable object versioning"},"ignore_public_acls":{"default":true,"description":"Enable ignore_public_acls"},"restrict_public_buckets":{"default":true,"description":"Enable restrict_public_buckets"}}}}}}},"relevant_attributes":[{"resource":"module.s3_bucket.aws_s3_bucket.this","attribute":["id"]}]}
